// !$*UTF8*$!
{
	archiveVersion = 1;
	classes = {
	};
	objectVersion = 55;
	objects = {

/* Begin PBXBuildFile section */
		76C51F70283C07DB006FEF31 /* AppDelegate.swift in Sources */ = {isa = PBXBuildFile; fileRef = 76C51F6F283C07DB006FEF31 /* AppDelegate.swift */; };
		76C51F72283C07DB006FEF31 /* SceneDelegate.swift in Sources */ = {isa = PBXBuildFile; fileRef = 76C51F71283C07DB006FEF31 /* SceneDelegate.swift */; };
		76C51F74283C07DB006FEF31 /* ViewController.swift in Sources */ = {isa = PBXBuildFile; fileRef = 76C51F73283C07DB006FEF31 /* ViewController.swift */; };
		76C51F77283C07DB006FEF31 /* Main.storyboard in Resources */ = {isa = PBXBuildFile; fileRef = 76C51F75283C07DB006FEF31 /* Main.storyboard */; };
		76C51F7A283C07DB006FEF31 /* MyProgectShope.xcdatamodeld in Sources */ = {isa = PBXBuildFile; fileRef = 76C51F78283C07DB006FEF31 /* MyProgectShope.xcdatamodeld */; };
		76C51F7C283C07DB006FEF31 /* Assets.xcassets in Resources */ = {isa = PBXBuildFile; fileRef = 76C51F7B283C07DB006FEF31 /* Assets.xcassets */; };
		76C51F7F283C07DB006FEF31 /* LaunchScreen.storyboard in Resources */ = {isa = PBXBuildFile; fileRef = 76C51F7D283C07DB006FEF31 /* LaunchScreen.storyboard */; };
		76C51F87283C0A20006FEF31 /* ListTableViewController.swift in Sources */ = {isa = PBXBuildFile; fileRef = 76C51F86283C0A1F006FEF31 /* ListTableViewController.swift */; };
		76C51F89283C0A66006FEF31 /* KarzinaTableViewController.swift in Sources */ = {isa = PBXBuildFile; fileRef = 76C51F88283C0A66006FEF31 /* KarzinaTableViewController.swift */; };
		76C51F8B283C0AC5006FEF31 /* StartTapBarController.swift in Sources */ = {isa = PBXBuildFile; fileRef = 76C51F8A283C0AC5006FEF31 /* StartTapBarController.swift */; };
		76C51FA7283CA03F006FEF31 /* Model.swift in Sources */ = {isa = PBXBuildFile; fileRef = 76C51FA6283CA03F006FEF31 /* Model.swift */; };
		76C51FA9283CA7C3006FEF31 /* DataManager.swift in Sources */ = {isa = PBXBuildFile; fileRef = 76C51FA8283CA7C3006FEF31 /* DataManager.swift */; };
		76C51FAE283CC3B6006FEF31 /* ListOfDoorsTableViewController.swift in Sources */ = {isa = PBXBuildFile; fileRef = 76C51FAD283CC3B6006FEF31 /* ListOfDoorsTableViewController.swift */; };
		76C51FB0283CF058006FEF31 /* ManuscriptDoorsTableViewController.swift in Sources */ = {isa = PBXBuildFile; fileRef = 76C51FAF283CF058006FEF31 /* ManuscriptDoorsTableViewController.swift */; };
		76C51FB2283CF785006FEF31 /* InfoDoorViewController.swift in Sources */ = {isa = PBXBuildFile; fileRef = 76C51FB1283CF785006FEF31 /* InfoDoorViewController.swift */; };
/* End PBXBuildFile section */

/* Begin PBXFileReference section */
		76C51F6C283C07DB006FEF31 /* MyProgectShope.app */ = {isa = PBXFileReference; explicitFileType = wrapper.application; includeInIndex = 0; path = MyProgectShope.app; sourceTree = BUILT_PRODUCTS_DIR; };
		76C51F6F283C07DB006FEF31 /* AppDelegate.swift */ = {isa = PBXFileReference; lastKnownFileType = sourcecode.swift; path = AppDelegate.swift; sourceTree = "<group>"; };
		76C51F71283C07DB006FEF31 /* SceneDelegate.swift */ = {isa = PBXFileReference; lastKnownFileType = sourcecode.swift; path = SceneDelegate.swift; sourceTree = "<group>"; };
		76C51F73283C07DB006FEF31 /* ViewController.swift */ = {isa = PBXFileReference; lastKnownFileType = sourcecode.swift; path = ViewController.swift; sourceTree = "<group>"; };
		76C51F76283C07DB006FEF31 /* Base */ = {isa = PBXFileReference; lastKnownFileType = file.storyboard; name = Base; path = Base.lproj/Main.storyboard; sourceTree = "<group>"; };
		76C51F79283C07DB006FEF31 /* MyProgectShope.xcdatamodel */ = {isa = PBXFileReference; lastKnownFileType = wrapper.xcdatamodel; path = MyProgectShope.xcdatamodel; sourceTree = "<group>"; };
		76C51F7B283C07DB006FEF31 /* Assets.xcassets */ = {isa = PBXFileReference; lastKnownFileType = folder.assetcatalog; path = Assets.xcassets; sourceTree = "<group>"; };
		76C51F7E283C07DB006FEF31 /* Base */ = {isa = PBXFileReference; lastKnownFileType = file.storyboard; name = Base; path = Base.lproj/LaunchScreen.storyboard; sourceTree = "<group>"; };
		76C51F80283C07DB006FEF31 /* Info.plist */ = {isa = PBXFileReference; lastKnownFileType = text.plist.xml; path = Info.plist; sourceTree = "<group>"; };
		76C51F86283C0A1F006FEF31 /* ListTableViewController.swift */ = {isa = PBXFileReference; lastKnownFileType = sourcecode.swift; path = ListTableViewController.swift; sourceTree = "<group>"; };
		76C51F88283C0A66006FEF31 /* KarzinaTableViewController.swift */ = {isa = PBXFileReference; lastKnownFileType = sourcecode.swift; path = KarzinaTableViewController.swift; sourceTree = "<group>"; };
		76C51F8A283C0AC5006FEF31 /* StartTapBarController.swift */ = {isa = PBXFileReference; lastKnownFileType = sourcecode.swift; path = StartTapBarController.swift; sourceTree = "<group>"; };
		76C51FA6283CA03F006FEF31 /* Model.swift */ = {isa = PBXFileReference; lastKnownFileType = sourcecode.swift; path = Model.swift; sourceTree = "<group>"; };
		76C51FA8283CA7C3006FEF31 /* DataManager.swift */ = {isa = PBXFileReference; lastKnownFileType = sourcecode.swift; path = DataManager.swift; sourceTree = "<group>"; };
		76C51FAD283CC3B6006FEF31 /* ListOfDoorsTableViewController.swift */ = {isa = PBXFileReference; lastKnownFileType = sourcecode.swift; path = ListOfDoorsTableViewController.swift; sourceTree = "<group>"; };
		76C51FAF283CF058006FEF31 /* ManuscriptDoorsTableViewController.swift */ = {isa = PBXFileReference; lastKnownFileType = sourcecode.swift; path = ManuscriptDoorsTableViewController.swift; sourceTree = "<group>"; };
		76C51FB1283CF785006FEF31 /* InfoDoorViewController.swift */ = {isa = PBXFileReference; lastKnownFileType = sourcecode.swift; path = InfoDoorViewController.swift; sourceTree = "<group>"; };
/* End PBXFileReference section */

/* Begin PBXFrameworksBuildPhase section */
		76C51F69283C07DB006FEF31 /* Frameworks */ = {
			isa = PBXFrameworksBuildPhase;
			buildActionMask = 2147483647;
			files = (
			);
			runOnlyForDeploymentPostprocessing = 0;
		};
/* End PBXFrameworksBuildPhase section */

/* Begin PBXGroup section */
		76C51F63283C07DB006FEF31 = {
			isa = PBXGroup;
			children = (
				76C51F6E283C07DB006FEF31 /* MyProgectShope */,
				76C51F6D283C07DB006FEF31 /* Products */,
			);
			sourceTree = "<group>";
		};
		76C51F6D283C07DB006FEF31 /* Products */ = {
			isa = PBXGroup;
			children = (
				76C51F6C283C07DB006FEF31 /* MyProgectShope.app */,
			);
			name = Products;
			sourceTree = "<group>";
		};
		76C51F6E283C07DB006FEF31 /* MyProgectShope */ = {
			isa = PBXGroup;
			children = (
				76C51F6F283C07DB006FEF31 /* AppDelegate.swift */,
				76C51F71283C07DB006FEF31 /* SceneDelegate.swift */,
				76C51FAB283CA91F006FEF31 /* DataManager */,
				76C51FAA283CA918006FEF31 /* Model */,
				76C51FAC283CA952006FEF31 /* View */,
				76C51F75283C07DB006FEF31 /* Main.storyboard */,
				76C51F7B283C07DB006FEF31 /* Assets.xcassets */,
				76C51F7D283C07DB006FEF31 /* LaunchScreen.storyboard */,
				76C51F80283C07DB006FEF31 /* Info.plist */,
				76C51F78283C07DB006FEF31 /* MyProgectShope.xcdatamodeld */,
			);
			path = MyProgectShope;
			sourceTree = "<group>";
		};
		76C51FAA283CA918006FEF31 /* Model */ = {
			isa = PBXGroup;
			children = (
				76C51FA6283CA03F006FEF31 /* Model.swift */,
			);
			path = Model;
			sourceTree = "<group>";
		};
		76C51FAB283CA91F006FEF31 /* DataManager */ = {
			isa = PBXGroup;
			children = (
				76C51FA8283CA7C3006FEF31 /* DataManager.swift */,
			);
			path = DataManager;
			sourceTree = "<group>";
		};
		76C51FAC283CA952006FEF31 /* View */ = {
			isa = PBXGroup;
			children = (
				76C51F73283C07DB006FEF31 /* ViewController.swift */,
				76C51F8A283C0AC5006FEF31 /* StartTapBarController.swift */,
				76C51F86283C0A1F006FEF31 /* ListTableViewController.swift */,
				76C51FAD283CC3B6006FEF31 /* ListOfDoorsTableViewController.swift */,
				76C51FAF283CF058006FEF31 /* ManuscriptDoorsTableViewController.swift */,
				76C51F88283C0A66006FEF31 /* KarzinaTableViewController.swift */,
				76C51FB1283CF785006FEF31 /* InfoDoorViewController.swift */,
			);
			path = View;
			sourceTree = "<group>";
		};
/* End PBXGroup section */

/* Begin PBXNativeTarget section */
		76C51F6B283C07DB006FEF31 /* MyProgectShope */ = {
			isa = PBXNativeTarget;
			buildConfigurationList = 76C51F83283C07DB006FEF31 /* Build configuration list for PBXNativeTarget "MyProgectShope" */;
			buildPhases = (
				76C51F68283C07DB006FEF31 /* Sources */,
				76C51F69283C07DB006FEF31 /* Frameworks */,
				76C51F6A283C07DB006FEF31 /* Resources */,
			);
			buildRules = (
			);
			dependencies = (
			);
			name = MyProgectShope;
			productName = MyProgectShope;
			productReference = 76C51F6C283C07DB006FEF31 /* MyProgectShope.app */;
			productType = "com.apple.product-type.application";
		};
/* End PBXNativeTarget section */

/* Begin PBXProject section */
		76C51F64283C07DB006FEF31 /* Project object */ = {
			isa = PBXProject;
			attributes = {
				BuildIndependentTargetsInParallel = 1;
				LastSwiftUpdateCheck = 1330;
				LastUpgradeCheck = 1330;
				TargetAttributes = {
					76C51F6B283C07DB006FEF31 = {
						CreatedOnToolsVersion = 13.3.1;
					};
				};
			};
			buildConfigurationList = 76C51F67283C07DB006FEF31 /* Build configuration list for PBXProject "MyProgectShope" */;
			compatibilityVersion = "Xcode 13.0";
			developmentRegion = en;
			hasScannedForEncodings = 0;
			knownRegions = (
				en,
				Base,
			);
			mainGroup = 76C51F63283C07DB006FEF31;
			productRefGroup = 76C51F6D283C07DB006FEF31 /* Products */;
			projectDirPath = "";
			projectRoot = "";
			targets = (
				76C51F6B283C07DB006FEF31 /* MyProgectShope */,
			);
		};
/* End PBXProject section */

/* Begin PBXResourcesBuildPhase section */
		76C51F6A283C07DB006FEF31 /* Resources */ = {
			isa = PBXResourcesBuildPhase;
			buildActionMask = 2147483647;
			files = (
				76C51F7F283C07DB006FEF31 /* LaunchScreen.storyboard in Resources */,
				76C51F7C283C07DB006FEF31 /* Assets.xcassets in Resources */,
				76C51F77283C07DB006FEF31 /* Main.storyboard in Resources */,
			);
			runOnlyForDeploymentPostprocessing = 0;
		};
/* End PBXResourcesBuildPhase section */

/* Begin PBXSourcesBuildPhase section */
		76C51F68283C07DB006FEF31 /* Sources */ = {
			isa = PBXSourcesBuildPhase;
			buildActionMask = 2147483647;
			files = (
				76C51F7A283C07DB006FEF31 /* MyProgectShope.xcdatamodeld in Sources */,
				76C51F74283C07DB006FEF31 /* ViewController.swift in Sources */,
				76C51F70283C07DB006FEF31 /* AppDelegate.swift in Sources */,
				76C51F87283C0A20006FEF31 /* ListTableViewController.swift in Sources */,
				76C51FB0283CF058006FEF31 /* ManuscriptDoorsTableViewController.swift in Sources */,
				76C51FAE283CC3B6006FEF31 /* ListOfDoorsTableViewController.swift in Sources */,
				76C51FB2283CF785006FEF31 /* InfoDoorViewController.swift in Sources */,
				76C51F89283C0A66006FEF31 /* KarzinaTableViewController.swift in Sources */,
				76C51F8B283C0AC5006FEF31 /* StartTapBarController.swift in Sources */,
				76C51F72283C07DB006FEF31 /* SceneDelegate.swift in Sources */,
				76C51FA9283CA7C3006FEF31 /* DataManager.swift in Sources */,
				76C51FA7283CA03F006FEF31 /* Model.swift in Sources */,
			);
			runOnlyForDeploymentPostprocessing = 0;
		};
/* End PBXSourcesBuildPhase section */

/* Begin PBXVariantGroup section */
		76C51F75283C07DB006FEF31 /* Main.storyboard */ = {
			isa = PBXVariantGroup;
			children = (
				76C51F76283C07DB006FEF31 /* Base */,
			);
			name = Main.storyboard;
			sourceTree = "<group>";
		};
		76C51F7D283C07DB006FEF31 /* LaunchScreen.storyboard */ = {
			isa = PBXVariantGroup;
			children = (
				76C51F7E283C07DB006FEF31 /* Base */,
			);
			name = LaunchScreen.storyboard;
			sourceTree = "<group>";
		};
/* End PBXVariantGroup section */

/* Begin XCBuildConfiguration section */
		76C51F81283C07DB006FEF31 /* Debug */ = {
			isa = XCBuildConfiguration;
			buildSettings = {
				ALWAYS_SEARCH_USER_PATHS = NO;
				CLANG_ANALYZER_NONNULL = YES;
				CLANG_ANALYZER_NUMBER_OBJECT_CONVERSION = YES_AGGRESSIVE;
				CLANG_CXX_LANGUAGE_STANDARD = "gnu++17";
				CLANG_ENABLE_MODULES = YES;
				CLANG_ENABLE_OBJC_ARC = YES;
				CLANG_ENABLE_OBJC_WEAK = YES;
				CLANG_WARN_BLOCK_CAPTURE_AUTORELEASING = YES;
				CLANG_WARN_BOOL_CONVERSION = YES;
				CLANG_WARN_COMMA = YES;
				CLANG_WARN_CONSTANT_CONVERSION = YES;
				CLANG_WARN_DEPRECATED_OBJC_IMPLEMENTATIONS = YES;
				CLANG_WARN_DIRECT_OBJC_ISA_USAGE = YES_ERROR;
				CLANG_WARN_DOCUMENTATION_COMMENTS = YES;
				CLANG_WARN_EMPTY_BODY = YES;
				CLANG_WARN_ENUM_CONVERSION = YES;
				CLANG_WARN_INFINITE_RECURSION = YES;
				CLANG_WARN_INT_CONVERSION = YES;
				CLANG_WARN_NON_LITERAL_NULL_CONVERSION = YES;
				CLANG_WARN_OBJC_IMPLICIT_RETAIN_SELF = YES;
				CLANG_WARN_OBJC_LITERAL_CONVERSION = YES;
				CLANG_WARN_OBJC_ROOT_CLASS = YES_ERROR;
				CLANG_WARN_QUOTED_INCLUDE_IN_FRAMEWORK_HEADER = YES;
				CLANG_WARN_RANGE_LOOP_ANALYSIS = YES;
				CLANG_WARN_STRICT_PROTOTYPES = YES;
				CLANG_WARN_SUSPICIOUS_MOVE = YES;
				CLANG_WARN_UNGUARDED_AVAILABILITY = YES_AGGRESSIVE;
				CLANG_WARN_UNREACHABLE_CODE = YES;
				CLANG_WARN__DUPLICATE_METHOD_MATCH = YES;
				COPY_PHASE_STRIP = NO;
				DEBUG_INFORMATION_FORMAT = dwarf;
				ENABLE_STRICT_OBJC_MSGSEND = YES;
				ENABLE_TESTABILITY = YES;
				GCC_C_LANGUAGE_STANDARD = gnu11;
				GCC_DYNAMIC_NO_PIC = NO;
				GCC_NO_COMMON_BLOCKS = YES;
				GCC_OPTIMIZATION_LEVEL = 0;
				GCC_PREPROCESSOR_DEFINITIONS = (
					"DEBUG=1",
					"$(inherited)",
				);
				GCC_WARN_64_TO_32_BIT_CONVERSION = YES;
				GCC_WARN_ABOUT_RETURN_TYPE = YES_ERROR;
				GCC_WARN_UNDECLARED_SELECTOR = YES;
				GCC_WARN_UNINITIALIZED_AUTOS = YES_AGGRESSIVE;
				GCC_WARN_UNUSED_FUNCTION = YES;
				GCC_WARN_UNUSED_VARIABLE = YES;
				IPHONEOS_DEPLOYMENT_TARGET = 15.4;
				MTL_ENABLE_DEBUG_INFO = INCLUDE_SOURCE;
				MTL_FAST_MATH = YES;
				ONLY_ACTIVE_ARCH = YES;
				SDKROOT = iphoneos;
				SWIFT_ACTIVE_COMPILATION_CONDITIONS = DEBUG;
				SWIFT_OPTIMIZATION_LEVEL = "-Onone";
			};
			name = Debug;
		};
		76C51F82283C07DB006FEF31 /* Release */ = {
			isa = XCBuildConfiguration;
			buildSettings = {
				ALWAYS_SEARCH_USER_PATHS = NO;
				CLANG_ANALYZER_NONNULL = YES;
				CLANG_ANALYZER_NUMBER_OBJECT_CONVERSION = YES_AGGRESSIVE;
				CLANG_CXX_LANGUAGE_STANDARD = "gnu++17";
				CLANG_ENABLE_MODULES = YES;
				CLANG_ENABLE_OBJC_ARC = YES;
				CLANG_ENABLE_OBJC_WEAK = YES;
				CLANG_WARN_BLOCK_CAPTURE_AUTORELEASING = YES;
				CLANG_WARN_BOOL_CONVERSION = YES;
				CLANG_WARN_COMMA = YES;
				CLANG_WARN_CONSTANT_CONVERSION = YES;
				CLANG_WARN_DEPRECATED_OBJC_IMPLEMENTATIONS = YES;
				CLANG_WARN_DIRECT_OBJC_ISA_USAGE = YES_ERROR;
				CLANG_WARN_DOCUMENTATION_COMMENTS = YES;
				CLANG_WARN_EMPTY_BODY = YES;
				CLANG_WARN_ENUM_CONVERSION = YES;
				CLANG_WARN_INFINITE_RECURSION = YES;
				CLANG_WARN_INT_CONVERSION = YES;
				CLANG_WARN_NON_LITERAL_NULL_CONVERSION = YES;
				CLANG_WARN_OBJC_IMPLICIT_RETAIN_SELF = YES;
				CLANG_WARN_OBJC_LITERAL_CONVERSION = YES;
				CLANG_WARN_OBJC_ROOT_CLASS = YES_ERROR;
				CLANG_WARN_QUOTED_INCLUDE_IN_FRAMEWORK_HEADER = YES;
				CLANG_WARN_RANGE_LOOP_ANALYSIS = YES;
				CLANG_WARN_STRICT_PROTOTYPES = YES;
				CLANG_WARN_SUSPICIOUS_MOVE = YES;
				CLANG_WARN_UNGUARDED_AVAILABILITY = YES_AGGRESSIVE;
				CLANG_WARN_UNREACHABLE_CODE = YES;
				CLANG_WARN__DUPLICATE_METHOD_MATCH = YES;
				COPY_PHASE_STRIP = NO;
				DEBUG_INFORMATION_FORMAT = "dwarf-with-dsym";
				ENABLE_NS_ASSERTIONS = NO;
				ENABLE_STRICT_OBJC_MSGSEND = YES;
				GCC_C_LANGUAGE_STANDARD = gnu11;
				GCC_NO_COMMON_BLOCKS = YES;
				GCC_WARN_64_TO_32_BIT_CONVERSION = YES;
				GCC_WARN_ABOUT_RETURN_TYPE = YES_ERROR;
				GCC_WARN_UNDECLARED_SELECTOR = YES;
				GCC_WARN_UNINITIALIZED_AUTOS = YES_AGGRESSIVE;
				GCC_WARN_UNUSED_FUNCTION = YES;
				GCC_WARN_UNUSED_VARIABLE = YES;
				IPHONEOS_DEPLOYMENT_TARGET = 15.4;
				MTL_ENABLE_DEBUG_INFO = NO;
				MTL_FAST_MATH = YES;
				SDKROOT = iphoneos;
				SWIFT_COMPILATION_MODE = wholemodule;
				SWIFT_OPTIMIZATION_LEVEL = "-O";
				VALIDATE_PRODUCT = YES;
			};
			name = Release;
		};
		76C51F84283C07DB006FEF31 /* Debug */ = {
			isa = XCBuildConfiguration;
			buildSettings = {
				ASSETCATALOG_COMPILER_APPICON_NAME = AppIcon;
				ASSETCATALOG_COMPILER_GLOBAL_ACCENT_COLOR_NAME = AccentColor;
				CODE_SIGN_STYLE = Automatic;
				CURRENT_PROJECT_VERSION = 1;
				DEVELOPMENT_TEAM = N85MKK397C;
				GENERATE_INFOPLIST_FILE = YES;
				INFOPLIST_FILE = MyProgectShope/Info.plist;
				INFOPLIST_KEY_UIApplicationSupportsIndirectInputEvents = YES;
				INFOPLIST_KEY_UILaunchStoryboardName = LaunchScreen;
				INFOPLIST_KEY_UIMainStoryboardFile = Main;
				INFOPLIST_KEY_UISupportedInterfaceOrientations = UIInterfaceOrientationPortrait;
				INFOPLIST_KEY_UISupportedInterfaceOrientations_iPad = "UIInterfaceOrientationPortrait UIInterfaceOrientationPortraitUpsideDown UIInterfaceOrientationLandscapeLeft UIInterfaceOrientationLandscapeRight";
				INFOPLIST_KEY_UISupportedInterfaceOrientations_iPhone = "UIInterfaceOrientationPortrait UIInterfaceOrientationLandscapeLeft UIInterfaceOrientationLandscapeRight";
				LD_RUNPATH_SEARCH_PATHS = (
					"$(inherited)",
					"@executable_path/Frameworks",
				);
				MARKETING_VERSION = 1.0;
				PRODUCT_BUNDLE_IDENTIFIER = max.MyProgectShope;
				PRODUCT_NAME = "$(TARGET_NAME)";
				SWIFT_EMIT_LOC_STRINGS = YES;
				SWIFT_VERSION = 5.0;
				TARGETED_DEVICE_FAMILY = "1,2";
			};
			name = Debug;
		};
		76C51F85283C07DB006FEF31 /* Release */ = {
			isa = XCBuildConfiguration;
			buildSettings = {
				ASSETCATALOG_COMPILER_APPICON_NAME = AppIcon;
				ASSETCATALOG_COMPILER_GLOBAL_ACCENT_COLOR_NAME = AccentColor;
				CODE_SIGN_STYLE = Automatic;
				CURRENT_PROJECT_VERSION = 1;
				DEVELOPMENT_TEAM = N85MKK397C;
				GENERATE_INFOPLIST_FILE = YES;
				INFOPLIST_FILE = MyProgectShope/Info.plist;
				INFOPLIST_KEY_UIApplicationSupportsIndirectInputEvents = YES;
				INFOPLIST_KEY_UILaunchStoryboardName = LaunchScreen;
				INFOPLIST_KEY_UIMainStoryboardFile = Main;
				INFOPLIST_KEY_UISupportedInterfaceOrientations = UIInterfaceOrientationPortrait;
				INFOPLIST_KEY_UISupportedInterfaceOrientations_iPad = "UIInterfaceOrientationPortrait UIInterfaceOrientationPortraitUpsideDown UIInterfaceOrientationLandscapeLeft UIInterfaceOrientationLandscapeRight";
				INFOPLIST_KEY_UISupportedInterfaceOrientations_iPhone = "UIInterfaceOrientationPortrait UIInterfaceOrientationLandscapeLeft UIInterfaceOrientationLandscapeRight";
				LD_RUNPATH_SEARCH_PATHS = (
					"$(inherited)",
					"@executable_path/Frameworks",
				);
				MARKETING_VERSION = 1.0;
				PRODUCT_BUNDLE_IDENTIFIER = max.MyProgectShope;
				PRODUCT_NAME = "$(TARGET_NAME)";
				SWIFT_EMIT_LOC_STRINGS = YES;
				SWIFT_VERSION = 5.0;
				TARGETED_DEVICE_FAMILY = "1,2";
			};
			name = Release;
		};
/* End XCBuildConfiguration section */

/* Begin XCConfigurationList section */
		76C51F67283C07DB006FEF31 /* Build configuration list for PBXProject "MyProgectShope" */ = {
			isa = XCConfigurationList;
			buildConfigurations = (
				76C51F81283C07DB006FEF31 /* Debug */,
				76C51F82283C07DB006FEF31 /* Release */,
			);
			defaultConfigurationIsVisible = 0;
			defaultConfigurationName = Release;
		};
		76C51F83283C07DB006FEF31 /* Build configuration list for PBXNativeTarget "MyProgectShope" */ = {
			isa = XCConfigurationList;
			buildConfigurations = (
				76C51F84283C07DB006FEF31 /* Debug */,
				76C51F85283C07DB006FEF31 /* Release */,
			);
			defaultConfigurationIsVisible = 0;
			defaultConfigurationName = Release;
		};
/* End XCConfigurationList section */

/* Begin XCVersionGroup section */
		76C51F78283C07DB006FEF31 /* MyProgectShope.xcdatamodeld */ = {
			isa = XCVersionGroup;
			children = (
				76C51F79283C07DB006FEF31 /* MyProgectShope.xcdatamodel */,
			);
			currentVersion = 76C51F79283C07DB006FEF31 /* MyProgectShope.xcdatamodel */;
			path = MyProgectShope.xcdatamodeld;
			sourceTree = "<group>";
			versionGroupType = wrapper.xcdatamodel;
		};
/* End XCVersionGroup section */
	};
	rootObject = 76C51F64283C07DB006FEF31 /* Project object */;
}
